
Microsoft Visual Studio Solution File, Format Version 12.00
# Visual Studio Version 16
VisualStudioVersion = 16.0.30204.135
MinimumVisualStudioVersion = 10.0.40219.1
Project("{FAE04EC0-301F-11D3-BF4B-00C04F79EFBC}") = "lab2_mathVector", "lab2_mathVector\lab2_mathVector.csproj", "{1560147F-24D6-41FC-A4D9-D0CFFDC5EF56}"
EndProject
Project("{FAE04EC0-301F-11D3-BF4B-00C04F79EFBC}") = "VectorCollection", "VectorCollection\VectorCollection.csproj", "{ED709D78-9372-40C3-9122-1D3EAED77E8C}"
EndProject
Project("{FAE04EC0-301F-11D3-BF4B-00C04F79EFBC}") = "TestConsole", "TestConsole\TestConsole.csproj", "{340AF21E-ACAE-4B58-B83E-D65D3541B035}"
EndProject
Global
	GlobalSection(SolutionConfigurationPlatforms) = preSolution
		Debug|Any CPU = Debug|Any CPU
		Release|Any CPU = Release|Any CPU
	EndGlobalSection
	GlobalSection(ProjectConfigurationPlatforms) = postSolution
		{1560147F-24D6-41FC-A4D9-D0CFFDC5EF56}.Debug|Any CPU.ActiveCfg = Debug|Any CPU
		{1560147F-24D6-41FC-A4D9-D0CFFDC5EF56}.Debug|Any CPU.Build.0 = Debug|Any CPU
		{1560147F-24D6-41FC-A4D9-D0CFFDC5EF56}.Release|Any CPU.ActiveCfg = Release|Any CPU
		{1560147F-24D6-41FC-A4D9-D0CFFDC5EF56}.Release|Any CPU.Build.0 = Release|Any CPU
		{ED709D78-9372-40C3-9122-1D3EAED77E8C}.Debug|Any CPU.ActiveCfg = Debug|Any CPU
		{ED709D78-9372-40C3-9122-1D3EAED77E8C}.Debug|Any CPU.Build.0 = Debug|Any CPU
		{ED709D78-9372-40C3-9122-1D3EAED77E8C}.Release|Any CPU.ActiveCfg = Release|Any CPU
		{ED709D78-9372-40C3-9122-1D3EAED77E8C}.Release|Any CPU.Build.0 = Release|Any CPU
		{340AF21E-ACAE-4B58-B83E-D65D3541B035}.Debug|Any CPU.ActiveCfg = Debug|Any CPU
		{340AF21E-ACAE-4B58-B83E-D65D3541B035}.Debug|Any CPU.Build.0 = Debug|Any CPU
		{340AF21E-ACAE-4B58-B83E-D65D3541B035}.Release|Any CPU.ActiveCfg = Release|Any CPU
		{340AF21E-ACAE-4B58-B83E-D65D3541B035}.Release|Any CPU.Build.0 = Release|Any CPU
	EndGlobalSection
	GlobalSection(SolutionProperties) = preSolution
		HideSolutionNode = FALSE
	EndGlobalSection
	GlobalSection(ExtensibilityGlobals) = postSolution
		SolutionGuid = {73AFF224-2D2D-4244-9387-8332D626C3D6}
	EndGlobalSection
EndGlobal
